
Microsoft Visual Studio Solution File, Format Version 12.00
# Visual Studio Version 17
VisualStudioVersion = 17.0.32112.339
MinimumVisualStudioVersion = 10.0.40219.1
Project("{9A19103F-16F7-4668-BE54-9A1E7A4F7556}") = "Utis.EmployeeTest.Client", "Utis.EmployeeTest.Client\Utis.EmployeeTest.Client.csproj", "{F1121831-DDB1-454C-BC60-353C4DE4BE2A}"
EndProject
Project("{9A19103F-16F7-4668-BE54-9A1E7A4F7556}") = "Utis.EmployeeTest.WorkerAPI", "Utis.EmployeeTest.WorkerAPI\Utis.EmployeeTest.WorkerAPI.csproj", "{AF88BD13-3FC1-4B5D-8EAF-E6D257F1CDD2}"
EndProject
Project("{FAE04EC0-301F-11D3-BF4B-00C04F79EFBC}") = "Utis.EmployeeTest.GrpcClientProto", "Utis.EmployeeTest.GrpcClientProto\Utis.EmployeeTest.GrpcClientProto.csproj", "{EB9B3CFB-0E61-48F7-944D-8D03FF4F3186}"
EndProject
Global
	GlobalSection(SolutionConfigurationPlatforms) = preSolution
		Debug|Any CPU = Debug|Any CPU
		Release|Any CPU = Release|Any CPU
	EndGlobalSection
	GlobalSection(ProjectConfigurationPlatforms) = postSolution
		{F1121831-DDB1-454C-BC60-353C4DE4BE2A}.Debug|Any CPU.ActiveCfg = Debug|Any CPU
		{F1121831-DDB1-454C-BC60-353C4DE4BE2A}.Debug|Any CPU.Build.0 = Debug|Any CPU
		{F1121831-DDB1-454C-BC60-353C4DE4BE2A}.Release|Any CPU.ActiveCfg = Release|Any CPU
		{F1121831-DDB1-454C-BC60-353C4DE4BE2A}.Release|Any CPU.Build.0 = Release|Any CPU
		{AF88BD13-3FC1-4B5D-8EAF-E6D257F1CDD2}.Debug|Any CPU.ActiveCfg = Debug|Any CPU
		{AF88BD13-3FC1-4B5D-8EAF-E6D257F1CDD2}.Debug|Any CPU.Build.0 = Debug|Any CPU
		{AF88BD13-3FC1-4B5D-8EAF-E6D257F1CDD2}.Release|Any CPU.ActiveCfg = Release|Any CPU
		{AF88BD13-3FC1-4B5D-8EAF-E6D257F1CDD2}.Release|Any CPU.Build.0 = Release|Any CPU
		{EB9B3CFB-0E61-48F7-944D-8D03FF4F3186}.Debug|Any CPU.ActiveCfg = Debug|Any CPU
		{EB9B3CFB-0E61-48F7-944D-8D03FF4F3186}.Debug|Any CPU.Build.0 = Debug|Any CPU
		{EB9B3CFB-0E61-48F7-944D-8D03FF4F3186}.Release|Any CPU.ActiveCfg = Release|Any CPU
		{EB9B3CFB-0E61-48F7-944D-8D03FF4F3186}.Release|Any CPU.Build.0 = Release|Any CPU
	EndGlobalSection
	GlobalSection(SolutionProperties) = preSolution
		HideSolutionNode = FALSE
	EndGlobalSection
	GlobalSection(ExtensibilityGlobals) = postSolution
		SolutionGuid = {B09B8221-4BCC-48F4-915F-B309FE95828A}
	EndGlobalSection
EndGlobal
